# This file is automatically @generated by Cargo.
# It is not intended for manual editing.
[[package]]
name = "gfaR"
version = "0.1.2"
source = "registry+https://github.com/rust-lang/crates.io-index"
checksum = "2d7e28e2ed2b48f576ff1f2cf6cdf7d734454c940fd0a7ab462c52ec4358003d"

[[package]]
name = "gfacut"
version = "0.1.0"
dependencies = [
 "gfaR",
]
